
Microsoft Visual Studio Solution File, Format Version 12.00
# Visual Studio Version 16
VisualStudioVersion = 16.0.33027.164
MinimumVisualStudioVersion = 10.0.40219.1
Project("{888888A0-9F3D-457C-B088-3A5042F75D52}") = "CW3M_Utility", "CW3M_Utility.pyproj", "{9AE2BE8B-447B-4C20-B338-2283ADE196F2}"
EndProject
Global
	GlobalSection(SolutionConfigurationPlatforms) = preSolution
		Debug|Any CPU = Debug|Any CPU
		Release|Any CPU = Release|Any CPU
	EndGlobalSection
	GlobalSection(ProjectConfigurationPlatforms) = postSolution
		{9AE2BE8B-447B-4C20-B338-2283ADE196F2}.Debug|Any CPU.ActiveCfg = Debug|Any CPU
		{9AE2BE8B-447B-4C20-B338-2283ADE196F2}.Release|Any CPU.ActiveCfg = Release|Any CPU
	EndGlobalSection
	GlobalSection(SolutionProperties) = preSolution
		HideSolutionNode = FALSE
	EndGlobalSection
	GlobalSection(ExtensibilityGlobals) = postSolution
		SolutionGuid = {E15E77F6-167D-4A4F-93D1-AF35D95E8CA5}
	EndGlobalSection
EndGlobal
